// !$*UTF8*$!
{
	archiveVersion = 1;
	classes = {
	};
	objectVersion = 50;
	objects = {

/* Begin PBXBuildFile section */
		343070EC278065A100D57317 /* Picker.swift in Sources */ = {isa = PBXBuildFile; fileRef = 343070EB278065A100D57317 /* Picker.swift */; };
		343070F227808F6B00D57317 /* HabitsView.swift in Sources */ = {isa = PBXBuildFile; fileRef = 343070F127808F6B00D57317 /* HabitsView.swift */; };
		34331E9226C8EBB5001E57F6 /* SignInModel.swift in Sources */ = {isa = PBXBuildFile; fileRef = 34331E9126C8EBB5001E57F6 /* SignInModel.swift */; };
		3456E544273FE4F60054E3E6 /* Form.swift in Sources */ = {isa = PBXBuildFile; fileRef = 3456E543273FE4F60054E3E6 /* Form.swift */; };
		345DD2F226BE468B0056A3E7 /* ContentViewModel.swift in Sources */ = {isa = PBXBuildFile; fileRef = 345DD2F126BE468B0056A3E7 /* ContentViewModel.swift */; };
		345DD2F626BE549C0056A3E7 /* StartView.swift in Sources */ = {isa = PBXBuildFile; fileRef = 345DD2F526BE549C0056A3E7 /* StartView.swift */; };
		345DD2F926BE55230056A3E7 /* HomeView.swift in Sources */ = {isa = PBXBuildFile; fileRef = 345DD2F826BE55230056A3E7 /* HomeView.swift */; };
		345DD30226BE835B0056A3E7 /* SignInView.swift in Sources */ = {isa = PBXBuildFile; fileRef = 345DD30126BE835B0056A3E7 /* SignInView.swift */; };
		345DD30A26BE96080056A3E7 /* SignUpViewModel.swift in Sources */ = {isa = PBXBuildFile; fileRef = 345DD30926BE96080056A3E7 /* SignUpViewModel.swift */; };
		3464F6DB26ADB71A00698D57 /* FormTextField.swift in Sources */ = {isa = PBXBuildFile; fileRef = 3464F6DA26ADB71A00698D57 /* FormTextField.swift */; };
		3482D28B27809A4A00C349B0 /* MoodCriteriaModel.swift in Sources */ = {isa = PBXBuildFile; fileRef = 3482D28A27809A4A00C349B0 /* MoodCriteriaModel.swift */; };
		348C350E26AD5201000A4D93 /* LoadingView.swift in Sources */ = {isa = PBXBuildFile; fileRef = 348C350D26AD5201000A4D93 /* LoadingView.swift */; };
		348C351126AD5A07000A4D93 /* Util.swift in Sources */ = {isa = PBXBuildFile; fileRef = 348C351026AD5A07000A4D93 /* Util.swift */; };
		348C351526AD6B87000A4D93 /* SignUpView.swift in Sources */ = {isa = PBXBuildFile; fileRef = 348C351426AD6B87000A4D93 /* SignUpView.swift */; };
		348C351926AD6DCA000A4D93 /* CustomModifiers.swift in Sources */ = {isa = PBXBuildFile; fileRef = 348C351826AD6DCA000A4D93 /* CustomModifiers.swift */; };
		348C351D26AD879C000A4D93 /* CheckBox.swift in Sources */ = {isa = PBXBuildFile; fileRef = 348C351C26AD879C000A4D93 /* CheckBox.swift */; };
		349BC90B273AD74300606951 /* NavigationButton.swift in Sources */ = {isa = PBXBuildFile; fileRef = 349BC90A273AD74300606951 /* NavigationButton.swift */; };
		349BC90D273ADF4300606951 /* Fonts.swift in Sources */ = {isa = PBXBuildFile; fileRef = 349BC90C273ADF4300606951 /* Fonts.swift */; };
		34A874F126ABBFCA0011A40D /* LMHIApp.swift in Sources */ = {isa = PBXBuildFile; fileRef = 34A874F026ABBFCA0011A40D /* LMHIApp.swift */; };
		34A874F326ABBFCA0011A40D /* ContentView.swift in Sources */ = {isa = PBXBuildFile; fileRef = 34A874F226ABBFCA0011A40D /* ContentView.swift */; };
		34A874F526ABBFD60011A40D /* Assets.xcassets in Resources */ = {isa = PBXBuildFile; fileRef = 34A874F426ABBFD60011A40D /* Assets.xcassets */; };
		34A874F826ABBFD60011A40D /* Preview Assets.xcassets in Resources */ = {isa = PBXBuildFile; fileRef = 34A874F726ABBFD60011A40D /* Preview Assets.xcassets */; };
		34A8750226ABC0CC0011A40D /* ProgressBar.swift in Sources */ = {isa = PBXBuildFile; fileRef = 34A8750126ABC0CC0011A40D /* ProgressBar.swift */; };
		34B5ED9C26AF164C00243E68 /* CustomExtensions.swift in Sources */ = {isa = PBXBuildFile; fileRef = 34B5ED9B26AF164C00243E68 /* CustomExtensions.swift */; };
		34C7F2B427881A6A00E5B3D6 /* MeditationViewModel.swift in Sources */ = {isa = PBXBuildFile; fileRef = 34C7F2B327881A6A00E5B3D6 /* MeditationViewModel.swift */; };
		34C7F2B82788293C00E5B3D6 /* meditation_water.mp3 in Resources */ = {isa = PBXBuildFile; fileRef = 34C7F2B62788293B00E5B3D6 /* meditation_water.mp3 */; };
		34C7F2B92788293C00E5B3D6 /* meditation_sky.mp3 in Resources */ = {isa = PBXBuildFile; fileRef = 34C7F2B72788293C00E5B3D6 /* meditation_sky.mp3 */; };
		34C7F2BB27882A4E00E5B3D6 /* MusicPlayer.swift in Sources */ = {isa = PBXBuildFile; fileRef = 34C7F2BA27882A4E00E5B3D6 /* MusicPlayer.swift */; };
		34C7F2BD27883BD100E5B3D6 /* meditation_a_new_leaf.mp3 in Resources */ = {isa = PBXBuildFile; fileRef = 34C7F2BC27883BD100E5B3D6 /* meditation_a_new_leaf.mp3 */; };
		34C7F2BF27883BDD00E5B3D6 /* meditation_cloudy.mp3 in Resources */ = {isa = PBXBuildFile; fileRef = 34C7F2BE27883BDD00E5B3D6 /* meditation_cloudy.mp3 */; };
		34C7F2C127886C3D00E5B3D6 /* AllTestsResultsModel.swift in Sources */ = {isa = PBXBuildFile; fileRef = 34C7F2C027886C3D00E5B3D6 /* AllTestsResultsModel.swift */; };
		34C7F2C327889E5400E5B3D6 /* HabitNoteModel.swift in Sources */ = {isa = PBXBuildFile; fileRef = 34C7F2C227889E5400E5B3D6 /* HabitNoteModel.swift */; };
		34C7F2C52788BD2900E5B3D6 /* TestResultInterpretationModel.swift in Sources */ = {isa = PBXBuildFile; fileRef = 34C7F2C42788BD2900E5B3D6 /* TestResultInterpretationModel.swift */; };
		34D568E6273EDDA200118A39 /* ActionButton.swift in Sources */ = {isa = PBXBuildFile; fileRef = 34D568E5273EDDA200118A39 /* ActionButton.swift */; };
		34D568E8273EE8FA00118A39 /* LoadingCover.swift in Sources */ = {isa = PBXBuildFile; fileRef = 34D568E7273EE8FA00118A39 /* LoadingCover.swift */; };
		34D6209E26CFF92B00466B59 /* SignInViewModel.swift in Sources */ = {isa = PBXBuildFile; fileRef = 34D6209D26CFF92B00466B59 /* SignInViewModel.swift */; };
		34D620A126D0CB6300466B59 /* SignOutModel.swift in Sources */ = {isa = PBXBuildFile; fileRef = 34D620A026D0CB6300466B59 /* SignOutModel.swift */; };
		34D68F1626C15B6A00E35F0A /* SignUpModel.swift in Sources */ = {isa = PBXBuildFile; fileRef = 34D68F1526C15B6A00E35F0A /* SignUpModel.swift */; };
		34D68F1C26C1636E00E35F0A /* NetworkingService.swift in Sources */ = {isa = PBXBuildFile; fileRef = 34D68F1B26C1636E00E35F0A /* NetworkingService.swift */; };
		34D68F1F26C163C200E35F0A /* APIService.swift in Sources */ = {isa = PBXBuildFile; fileRef = 34D68F1E26C163C200E35F0A /* APIService.swift */; };
		34DC6D512747DDE5004B3F22 /* ResulltItemButton.swift in Sources */ = {isa = PBXBuildFile; fileRef = 34DC6D502747DDE5004B3F22 /* ResulltItemButton.swift */; };
		34DC6D532747DE24004B3F22 /* ResultItemView.swift in Sources */ = {isa = PBXBuildFile; fileRef = 34DC6D522747DE24004B3F22 /* ResultItemView.swift */; };
		34DF1FB8275CF20E00435B53 /* SuggestionItem.swift in Sources */ = {isa = PBXBuildFile; fileRef = 34DF1FB7275CF20E00435B53 /* SuggestionItem.swift */; };
		34E95B12278C3BA700F0E1EC /* MoodDiaryViewModel.swift in Sources */ = {isa = PBXBuildFile; fileRef = 34E95B11278C3BA700F0E1EC /* MoodDiaryViewModel.swift */; };
		34EBB713274044BA003C03D1 /* AppState.swift in Sources */ = {isa = PBXBuildFile; fileRef = 34EBB712274044BA003C03D1 /* AppState.swift */; };
		34EDB1B626D219B500623995 /* TestView.swift in Sources */ = {isa = PBXBuildFile; fileRef = 34EDB1B526D219B500623995 /* TestView.swift */; };
		34F060B126DB9AF8004817CD /* TestViewModel.swift in Sources */ = {isa = PBXBuildFile; fileRef = 34F060B026DB9AF8004817CD /* TestViewModel.swift */; };
		34F060B426DBADAB004817CD /* TestResultsModel.swift in Sources */ = {isa = PBXBuildFile; fileRef = 34F060B326DBADAB004817CD /* TestResultsModel.swift */; };
		34F4800026E331A5002FA890 /* TestResultsView.swift in Sources */ = {isa = PBXBuildFile; fileRef = 34F47FFF26E331A5002FA890 /* TestResultsView.swift */; };
		34F58DCF27875397005F1A94 /* TestsMenuView.swift in Sources */ = {isa = PBXBuildFile; fileRef = 34F58DCE27875397005F1A94 /* TestsMenuView.swift */; };
		34F58DD12787563E005F1A94 /* CompletedTestBox.swift in Sources */ = {isa = PBXBuildFile; fileRef = 34F58DD02787563E005F1A94 /* CompletedTestBox.swift */; };
		34F58DD32787635F005F1A94 /* TestsMenuViewModel.swift in Sources */ = {isa = PBXBuildFile; fileRef = 34F58DD22787635F005F1A94 /* TestsMenuViewModel.swift */; };
		34F58DD527876B44005F1A94 /* MeditationView.swift in Sources */ = {isa = PBXBuildFile; fileRef = 34F58DD427876B44005F1A94 /* MeditationView.swift */; };
		34FB5A11278962F700406970 /* HabitsViewModel.swift in Sources */ = {isa = PBXBuildFile; fileRef = 34FB5A10278962F700406970 /* HabitsViewModel.swift */; };
		34FB5A13278966CD00406970 /* MoodDiaryView.swift in Sources */ = {isa = PBXBuildFile; fileRef = 34FB5A12278966CD00406970 /* MoodDiaryView.swift */; };
/* End PBXBuildFile section */

/* Begin PBXFileReference section */
		343070EB278065A100D57317 /* Picker.swift */ = {isa = PBXFileReference; lastKnownFileType = sourcecode.swift; path = Picker.swift; sourceTree = "<group>"; };
		343070F127808F6B00D57317 /* HabitsView.swift */ = {isa = PBXFileReference; lastKnownFileType = sourcecode.swift; path = HabitsView.swift; sourceTree = "<group>"; };
		34331E9126C8EBB5001E57F6 /* SignInModel.swift */ = {isa = PBXFileReference; lastKnownFileType = sourcecode.swift; path = SignInModel.swift; sourceTree = "<group>"; };
		3456E543273FE4F60054E3E6 /* Form.swift */ = {isa = PBXFileReference; lastKnownFileType = sourcecode.swift; path = Form.swift; sourceTree = "<group>"; };
		345DD2F126BE468B0056A3E7 /* ContentViewModel.swift */ = {isa = PBXFileReference; lastKnownFileType = sourcecode.swift; path = ContentViewModel.swift; sourceTree = "<group>"; };
		345DD2F526BE549C0056A3E7 /* StartView.swift */ = {isa = PBXFileReference; lastKnownFileType = sourcecode.swift; path = StartView.swift; sourceTree = "<group>"; };
		345DD2F826BE55230056A3E7 /* HomeView.swift */ = {isa = PBXFileReference; lastKnownFileType = sourcecode.swift; path = HomeView.swift; sourceTree = "<group>"; };
		345DD30126BE835B0056A3E7 /* SignInView.swift */ = {isa = PBXFileReference; lastKnownFileType = sourcecode.swift; path = SignInView.swift; sourceTree = "<group>"; };
		345DD30926BE96080056A3E7 /* SignUpViewModel.swift */ = {isa = PBXFileReference; lastKnownFileType = sourcecode.swift; path = SignUpViewModel.swift; sourceTree = "<group>"; };
		3464F6DA26ADB71A00698D57 /* FormTextField.swift */ = {isa = PBXFileReference; lastKnownFileType = sourcecode.swift; path = FormTextField.swift; sourceTree = "<group>"; };
		3482D28A27809A4A00C349B0 /* MoodCriteriaModel.swift */ = {isa = PBXFileReference; lastKnownFileType = sourcecode.swift; path = MoodCriteriaModel.swift; sourceTree = "<group>"; };
		348C350D26AD5201000A4D93 /* LoadingView.swift */ = {isa = PBXFileReference; lastKnownFileType = sourcecode.swift; path = LoadingView.swift; sourceTree = "<group>"; };
		348C351026AD5A07000A4D93 /* Util.swift */ = {isa = PBXFileReference; lastKnownFileType = sourcecode.swift; path = Util.swift; sourceTree = "<group>"; };
		348C351426AD6B87000A4D93 /* SignUpView.swift */ = {isa = PBXFileReference; lastKnownFileType = sourcecode.swift; path = SignUpView.swift; sourceTree = "<group>"; };
		348C351826AD6DCA000A4D93 /* CustomModifiers.swift */ = {isa = PBXFileReference; lastKnownFileType = sourcecode.swift; path = CustomModifiers.swift; sourceTree = "<group>"; };
		348C351C26AD879C000A4D93 /* CheckBox.swift */ = {isa = PBXFileReference; lastKnownFileType = sourcecode.swift; path = CheckBox.swift; sourceTree = "<group>"; };
		349BC90A273AD74300606951 /* NavigationButton.swift */ = {isa = PBXFileReference; lastKnownFileType = sourcecode.swift; path = NavigationButton.swift; sourceTree = "<group>"; };
		349BC90C273ADF4300606951 /* Fonts.swift */ = {isa = PBXFileReference; lastKnownFileType = sourcecode.swift; path = Fonts.swift; sourceTree = "<group>"; };
		34A874ED26ABBFCA0011A40D /* LMHI.app */ = {isa = PBXFileReference; explicitFileType = wrapper.application; includeInIndex = 0; path = LMHI.app; sourceTree = BUILT_PRODUCTS_DIR; };
		34A874F026ABBFCA0011A40D /* LMHIApp.swift */ = {isa = PBXFileReference; lastKnownFileType = sourcecode.swift; path = LMHIApp.swift; sourceTree = "<group>"; };
		34A874F226ABBFCA0011A40D /* ContentView.swift */ = {isa = PBXFileReference; lastKnownFileType = sourcecode.swift; path = ContentView.swift; sourceTree = "<group>"; };
		34A874F426ABBFD60011A40D /* Assets.xcassets */ = {isa = PBXFileReference; lastKnownFileType = folder.assetcatalog; path = Assets.xcassets; sourceTree = "<group>"; };
		34A874F726ABBFD60011A40D /* Preview Assets.xcassets */ = {isa = PBXFileReference; lastKnownFileType = folder.assetcatalog; path = "Preview Assets.xcassets"; sourceTree = "<group>"; };
		34A874F926ABBFD60011A40D /* Info.plist */ = {isa = PBXFileReference; lastKnownFileType = text.plist.xml; path = Info.plist; sourceTree = "<group>"; };
		34A8750126ABC0CC0011A40D /* ProgressBar.swift */ = {isa = PBXFileReference; lastKnownFileType = sourcecode.swift; path = ProgressBar.swift; sourceTree = "<group>"; };
		34B5ED9B26AF164C00243E68 /* CustomExtensions.swift */ = {isa = PBXFileReference; lastKnownFileType = sourcecode.swift; path = CustomExtensions.swift; sourceTree = "<group>"; };
		34C7F2B327881A6A00E5B3D6 /* MeditationViewModel.swift */ = {isa = PBXFileReference; lastKnownFileType = sourcecode.swift; path = MeditationViewModel.swift; sourceTree = "<group>"; };
		34C7F2B62788293B00E5B3D6 /* meditation_water.mp3 */ = {isa = PBXFileReference; lastKnownFileType = audio.mp3; path = meditation_water.mp3; sourceTree = "<group>"; };
		34C7F2B72788293C00E5B3D6 /* meditation_sky.mp3 */ = {isa = PBXFileReference; lastKnownFileType = audio.mp3; path = meditation_sky.mp3; sourceTree = "<group>"; };
		34C7F2BA27882A4E00E5B3D6 /* MusicPlayer.swift */ = {isa = PBXFileReference; lastKnownFileType = sourcecode.swift; path = MusicPlayer.swift; sourceTree = "<group>"; };
		34C7F2BC27883BD100E5B3D6 /* meditation_a_new_leaf.mp3 */ = {isa = PBXFileReference; lastKnownFileType = audio.mp3; path = meditation_a_new_leaf.mp3; sourceTree = "<group>"; };
		34C7F2BE27883BDD00E5B3D6 /* meditation_cloudy.mp3 */ = {isa = PBXFileReference; lastKnownFileType = audio.mp3; path = meditation_cloudy.mp3; sourceTree = "<group>"; };
		34C7F2C027886C3D00E5B3D6 /* AllTestsResultsModel.swift */ = {isa = PBXFileReference; lastKnownFileType = sourcecode.swift; path = AllTestsResultsModel.swift; sourceTree = "<group>"; };
		34C7F2C227889E5400E5B3D6 /* HabitNoteModel.swift */ = {isa = PBXFileReference; lastKnownFileType = sourcecode.swift; path = HabitNoteModel.swift; sourceTree = "<group>"; };
		34C7F2C42788BD2900E5B3D6 /* TestResultInterpretationModel.swift */ = {isa = PBXFileReference; lastKnownFileType = sourcecode.swift; path = TestResultInterpretationModel.swift; sourceTree = "<group>"; };
		34D568E5273EDDA200118A39 /* ActionButton.swift */ = {isa = PBXFileReference; lastKnownFileType = sourcecode.swift; path = ActionButton.swift; sourceTree = "<group>"; };
		34D568E7273EE8FA00118A39 /* LoadingCover.swift */ = {isa = PBXFileReference; lastKnownFileType = sourcecode.swift; path = LoadingCover.swift; sourceTree = "<group>"; };
		34D6209D26CFF92B00466B59 /* SignInViewModel.swift */ = {isa = PBXFileReference; lastKnownFileType = sourcecode.swift; path = SignInViewModel.swift; sourceTree = "<group>"; };
		34D620A026D0CB6300466B59 /* SignOutModel.swift */ = {isa = PBXFileReference; lastKnownFileType = sourcecode.swift; path = SignOutModel.swift; sourceTree = "<group>"; };
		34D68F1526C15B6A00E35F0A /* SignUpModel.swift */ = {isa = PBXFileReference; lastKnownFileType = sourcecode.swift; path = SignUpModel.swift; sourceTree = "<group>"; };
		34D68F1B26C1636E00E35F0A /* NetworkingService.swift */ = {isa = PBXFileReference; lastKnownFileType = sourcecode.swift; path = NetworkingService.swift; sourceTree = "<group>"; };
		34D68F1E26C163C200E35F0A /* APIService.swift */ = {isa = PBXFileReference; lastKnownFileType = sourcecode.swift; path = APIService.swift; sourceTree = "<group>"; };
		34DC6D502747DDE5004B3F22 /* ResulltItemButton.swift */ = {isa = PBXFileReference; lastKnownFileType = sourcecode.swift; path = ResulltItemButton.swift; sourceTree = "<group>"; };
		34DC6D522747DE24004B3F22 /* ResultItemView.swift */ = {isa = PBXFileReference; lastKnownFileType = sourcecode.swift; path = ResultItemView.swift; sourceTree = "<group>"; };
		34DF1FB7275CF20E00435B53 /* SuggestionItem.swift */ = {isa = PBXFileReference; lastKnownFileType = sourcecode.swift; path = SuggestionItem.swift; sourceTree = "<group>"; };
		34E95B11278C3BA700F0E1EC /* MoodDiaryViewModel.swift */ = {isa = PBXFileReference; lastKnownFileType = sourcecode.swift; path = MoodDiaryViewModel.swift; sourceTree = "<group>"; };
		34EBB712274044BA003C03D1 /* AppState.swift */ = {isa = PBXFileReference; lastKnownFileType = sourcecode.swift; path = AppState.swift; sourceTree = "<group>"; };
		34EDB1B526D219B500623995 /* TestView.swift */ = {isa = PBXFileReference; lastKnownFileType = sourcecode.swift; path = TestView.swift; sourceTree = "<group>"; };
		34F060B026DB9AF8004817CD /* TestViewModel.swift */ = {isa = PBXFileReference; lastKnownFileType = sourcecode.swift; path = TestViewModel.swift; sourceTree = "<group>"; };
		34F060B326DBADAB004817CD /* TestResultsModel.swift */ = {isa = PBXFileReference; lastKnownFileType = sourcecode.swift; path = TestResultsModel.swift; sourceTree = "<group>"; };
		34F47FFF26E331A5002FA890 /* TestResultsView.swift */ = {isa = PBXFileReference; lastKnownFileType = sourcecode.swift; path = TestResultsView.swift; sourceTree = "<group>"; };
		34F58DCE27875397005F1A94 /* TestsMenuView.swift */ = {isa = PBXFileReference; lastKnownFileType = sourcecode.swift; path = TestsMenuView.swift; sourceTree = "<group>"; };
		34F58DD02787563E005F1A94 /* CompletedTestBox.swift */ = {isa = PBXFileReference; lastKnownFileType = sourcecode.swift; path = CompletedTestBox.swift; sourceTree = "<group>"; };
		34F58DD22787635F005F1A94 /* TestsMenuViewModel.swift */ = {isa = PBXFileReference; lastKnownFileType = sourcecode.swift; path = TestsMenuViewModel.swift; sourceTree = "<group>"; };
		34F58DD427876B44005F1A94 /* MeditationView.swift */ = {isa = PBXFileReference; lastKnownFileType = sourcecode.swift; path = MeditationView.swift; sourceTree = "<group>"; };
		34FB5A10278962F700406970 /* HabitsViewModel.swift */ = {isa = PBXFileReference; lastKnownFileType = sourcecode.swift; path = HabitsViewModel.swift; sourceTree = "<group>"; };
		34FB5A12278966CD00406970 /* MoodDiaryView.swift */ = {isa = PBXFileReference; lastKnownFileType = sourcecode.swift; path = MoodDiaryView.swift; sourceTree = "<group>"; };
/* End PBXFileReference section */

/* Begin PBXFrameworksBuildPhase section */
		34A874EA26ABBFCA0011A40D /* Frameworks */ = {
			isa = PBXFrameworksBuildPhase;
			buildActionMask = 2147483647;
			files = (
			);
			runOnlyForDeploymentPostprocessing = 0;
		};
/* End PBXFrameworksBuildPhase section */

/* Begin PBXGroup section */
		345DD2FF26BE6FBD0056A3E7 /* Helpers */ = {
			isa = PBXGroup;
			children = (
				348C351026AD5A07000A4D93 /* Util.swift */,
				34B5ED9B26AF164C00243E68 /* CustomExtensions.swift */,
				348C351826AD6DCA000A4D93 /* CustomModifiers.swift */,
				349BC90C273ADF4300606951 /* Fonts.swift */,
				3456E543273FE4F60054E3E6 /* Form.swift */,
				34EBB712274044BA003C03D1 /* AppState.swift */,
				34C7F2BA27882A4E00E5B3D6 /* MusicPlayer.swift */,
			);
			path = Helpers;
			sourceTree = "<group>";
		};
		345DD30726BE92340056A3E7 /* ViewModels */ = {
			isa = PBXGroup;
			children = (
				345DD2F126BE468B0056A3E7 /* ContentViewModel.swift */,
				345DD30926BE96080056A3E7 /* SignUpViewModel.swift */,
				34D6209D26CFF92B00466B59 /* SignInViewModel.swift */,
				34F060B026DB9AF8004817CD /* TestViewModel.swift */,
				34F58DD22787635F005F1A94 /* TestsMenuViewModel.swift */,
				34C7F2B327881A6A00E5B3D6 /* MeditationViewModel.swift */,
				34FB5A10278962F700406970 /* HabitsViewModel.swift */,
				34E95B11278C3BA700F0E1EC /* MoodDiaryViewModel.swift */,
			);
			path = ViewModels;
			sourceTree = "<group>";
		};
		34A874E426ABBFCA0011A40D = {
			isa = PBXGroup;
			children = (
				34A874EF26ABBFCA0011A40D /* LMHI */,
				34A874EE26ABBFCA0011A40D /* Products */,
			);
			sourceTree = "<group>";
		};
		34A874EE26ABBFCA0011A40D /* Products */ = {
			isa = PBXGroup;
			children = (
				34A874ED26ABBFCA0011A40D /* LMHI.app */,
			);
			name = Products;
			sourceTree = "<group>";
		};
		34A874EF26ABBFCA0011A40D /* LMHI */ = {
			isa = PBXGroup;
			children = (
				34A874F026ABBFCA0011A40D /* LMHIApp.swift */,
				34A8750026ABC0A70011A40D /* Views */,
				345DD30726BE92340056A3E7 /* ViewModels */,
				34D68F1426C15B1300E35F0A /* Models */,
				34D68F1926C15DC300E35F0A /* Networking */,
				345DD2FF26BE6FBD0056A3E7 /* Helpers */,
				34C7F2B52788290B00E5B3D6 /* Media */,
				34A874F426ABBFD60011A40D /* Assets.xcassets */,
				34A874F926ABBFD60011A40D /* Info.plist */,
				34A874F626ABBFD60011A40D /* Preview Content */,
			);
			path = LMHI;
			sourceTree = "<group>";
		};
		34A874F626ABBFD60011A40D /* Preview Content */ = {
			isa = PBXGroup;
			children = (
				34A874F726ABBFD60011A40D /* Preview Assets.xcassets */,
			);
			path = "Preview Content";
			sourceTree = "<group>";
		};
		34A8750026ABC0A70011A40D /* Views */ = {
			isa = PBXGroup;
			children = (
				34A874F226ABBFCA0011A40D /* ContentView.swift */,
				34FF00C626BBED7100384AF3 /* Screens */,
				34B5ED9726AF146600243E68 /* Elements */,
			);
			path = Views;
			sourceTree = "<group>";
		};
		34B5ED9726AF146600243E68 /* Elements */ = {
			isa = PBXGroup;
			children = (
				34A8750126ABC0CC0011A40D /* ProgressBar.swift */,
				3464F6DA26ADB71A00698D57 /* FormTextField.swift */,
				348C351C26AD879C000A4D93 /* CheckBox.swift */,
				349BC90A273AD74300606951 /* NavigationButton.swift */,
				34D568E5273EDDA200118A39 /* ActionButton.swift */,
				34D568E7273EE8FA00118A39 /* LoadingCover.swift */,
				34DC6D502747DDE5004B3F22 /* ResulltItemButton.swift */,
				34DF1FB7275CF20E00435B53 /* SuggestionItem.swift */,
				343070EB278065A100D57317 /* Picker.swift */,
				34F58DD02787563E005F1A94 /* CompletedTestBox.swift */,
			);
			path = Elements;
			sourceTree = "<group>";
		};
		34C7F2B52788290B00E5B3D6 /* Media */ = {
			isa = PBXGroup;
			children = (
				34C7F2BE27883BDD00E5B3D6 /* meditation_cloudy.mp3 */,
				34C7F2BC27883BD100E5B3D6 /* meditation_a_new_leaf.mp3 */,
				34C7F2B72788293C00E5B3D6 /* meditation_sky.mp3 */,
				34C7F2B62788293B00E5B3D6 /* meditation_water.mp3 */,
			);
			path = Media;
			sourceTree = "<group>";
		};
		34D68F1426C15B1300E35F0A /* Models */ = {
			isa = PBXGroup;
			children = (
				34D620A026D0CB6300466B59 /* SignOutModel.swift */,
				34D68F1526C15B6A00E35F0A /* SignUpModel.swift */,
				34331E9126C8EBB5001E57F6 /* SignInModel.swift */,
				34F060B326DBADAB004817CD /* TestResultsModel.swift */,
				3482D28A27809A4A00C349B0 /* MoodCriteriaModel.swift */,
				34C7F2C027886C3D00E5B3D6 /* AllTestsResultsModel.swift */,
				34C7F2C227889E5400E5B3D6 /* HabitNoteModel.swift */,
				34C7F2C42788BD2900E5B3D6 /* TestResultInterpretationModel.swift */,
			);
			path = Models;
			sourceTree = "<group>";
		};
		34D68F1926C15DC300E35F0A /* Networking */ = {
			isa = PBXGroup;
			children = (
				34D68F1B26C1636E00E35F0A /* NetworkingService.swift */,
				34D68F1E26C163C200E35F0A /* APIService.swift */,
			);
			path = Networking;
			sourceTree = "<group>";
		};
		34FF00C626BBED7100384AF3 /* Screens */ = {
			isa = PBXGroup;
			children = (
				345DD30126BE835B0056A3E7 /* SignInView.swift */,
				348C351426AD6B87000A4D93 /* SignUpView.swift */,
				348C350D26AD5201000A4D93 /* LoadingView.swift */,
				345DD2F526BE549C0056A3E7 /* StartView.swift */,
				345DD2F826BE55230056A3E7 /* HomeView.swift */,
				34EDB1B526D219B500623995 /* TestView.swift */,
				34F47FFF26E331A5002FA890 /* TestResultsView.swift */,
				34DC6D522747DE24004B3F22 /* ResultItemView.swift */,
				343070F127808F6B00D57317 /* HabitsView.swift */,
				34F58DCE27875397005F1A94 /* TestsMenuView.swift */,
				34F58DD427876B44005F1A94 /* MeditationView.swift */,
				34FB5A12278966CD00406970 /* MoodDiaryView.swift */,
			);
			path = Screens;
			sourceTree = "<group>";
		};
/* End PBXGroup section */

/* Begin PBXNativeTarget section */
		34A874EC26ABBFCA0011A40D /* LMHI */ = {
			isa = PBXNativeTarget;
			buildConfigurationList = 34A874FC26ABBFD60011A40D /* Build configuration list for PBXNativeTarget "LMHI" */;
			buildPhases = (
				34A874E926ABBFCA0011A40D /* Sources */,
				34A874EA26ABBFCA0011A40D /* Frameworks */,
				34A874EB26ABBFCA0011A40D /* Resources */,
			);
			buildRules = (
			);
			dependencies = (
			);
			name = LMHI;
			productName = LMHI;
			productReference = 34A874ED26ABBFCA0011A40D /* LMHI.app */;
			productType = "com.apple.product-type.application";
		};
/* End PBXNativeTarget section */

/* Begin PBXProject section */
		34A874E526ABBFCA0011A40D /* Project object */ = {
			isa = PBXProject;
			attributes = {
				LastSwiftUpdateCheck = 1240;
				LastUpgradeCheck = 1240;
				TargetAttributes = {
					34A874EC26ABBFCA0011A40D = {
						CreatedOnToolsVersion = 12.4;
					};
				};
			};
			buildConfigurationList = 34A874E826ABBFCA0011A40D /* Build configuration list for PBXProject "LMHI" */;
			compatibilityVersion = "Xcode 9.3";
			developmentRegion = en;
			hasScannedForEncodings = 0;
			knownRegions = (
				en,
				Base,
			);
			mainGroup = 34A874E426ABBFCA0011A40D;
			productRefGroup = 34A874EE26ABBFCA0011A40D /* Products */;
			projectDirPath = "";
			projectRoot = "";
			targets = (
				34A874EC26ABBFCA0011A40D /* LMHI */,
			);
		};
/* End PBXProject section */

/* Begin PBXResourcesBuildPhase section */
		34A874EB26ABBFCA0011A40D /* Resources */ = {
			isa = PBXResourcesBuildPhase;
			buildActionMask = 2147483647;
			files = (
				34C7F2B92788293C00E5B3D6 /* meditation_sky.mp3 in Resources */,
				34C7F2BD27883BD100E5B3D6 /* meditation_a_new_leaf.mp3 in Resources */,
				34C7F2BF27883BDD00E5B3D6 /* meditation_cloudy.mp3 in Resources */,
				34C7F2B82788293C00E5B3D6 /* meditation_water.mp3 in Resources */,
				34A874F826ABBFD60011A40D /* Preview Assets.xcassets in Resources */,
				34A874F526ABBFD60011A40D /* Assets.xcassets in Resources */,
			);
			runOnlyForDeploymentPostprocessing = 0;
		};
/* End PBXResourcesBuildPhase section */

/* Begin PBXSourcesBuildPhase section */
		34A874E926ABBFCA0011A40D /* Sources */ = {
			isa = PBXSourcesBuildPhase;
			buildActionMask = 2147483647;
			files = (
				34F58DD527876B44005F1A94 /* MeditationView.swift in Sources */,
				34D568E6273EDDA200118A39 /* ActionButton.swift in Sources */,
				34C7F2B427881A6A00E5B3D6 /* MeditationViewModel.swift in Sources */,
				348C351D26AD879C000A4D93 /* CheckBox.swift in Sources */,
				3464F6DB26ADB71A00698D57 /* FormTextField.swift in Sources */,
				34FB5A11278962F700406970 /* HabitsViewModel.swift in Sources */,
				343070F227808F6B00D57317 /* HabitsView.swift in Sources */,
				34C7F2C52788BD2900E5B3D6 /* TestResultInterpretationModel.swift in Sources */,
				345DD2F926BE55230056A3E7 /* HomeView.swift in Sources */,
				3482D28B27809A4A00C349B0 /* MoodCriteriaModel.swift in Sources */,
				34D68F1626C15B6A00E35F0A /* SignUpModel.swift in Sources */,
				345DD30A26BE96080056A3E7 /* SignUpViewModel.swift in Sources */,
				348C351926AD6DCA000A4D93 /* CustomModifiers.swift in Sources */,
				34D620A126D0CB6300466B59 /* SignOutModel.swift in Sources */,
				34F4800026E331A5002FA890 /* TestResultsView.swift in Sources */,
				34F58DD32787635F005F1A94 /* TestsMenuViewModel.swift in Sources */,
				34D68F1F26C163C200E35F0A /* APIService.swift in Sources */,
				34D568E8273EE8FA00118A39 /* LoadingCover.swift in Sources */,
				34A874F326ABBFCA0011A40D /* ContentView.swift in Sources */,
				34D6209E26CFF92B00466B59 /* SignInViewModel.swift in Sources */,
				345DD30226BE835B0056A3E7 /* SignInView.swift in Sources */,
				348C351526AD6B87000A4D93 /* SignUpView.swift in Sources */,
				34F060B126DB9AF8004817CD /* TestViewModel.swift in Sources */,
				34EDB1B626D219B500623995 /* TestView.swift in Sources */,
				348C350E26AD5201000A4D93 /* LoadingView.swift in Sources */,
				34F060B426DBADAB004817CD /* TestResultsModel.swift in Sources */,
				348C351126AD5A07000A4D93 /* Util.swift in Sources */,
				34A8750226ABC0CC0011A40D /* ProgressBar.swift in Sources */,
				34C7F2C327889E5400E5B3D6 /* HabitNoteModel.swift in Sources */,
				3456E544273FE4F60054E3E6 /* Form.swift in Sources */,
				34F58DCF27875397005F1A94 /* TestsMenuView.swift in Sources */,
				34EBB713274044BA003C03D1 /* AppState.swift in Sources */,
				34DC6D532747DE24004B3F22 /* ResultItemView.swift in Sources */,
				343070EC278065A100D57317 /* Picker.swift in Sources */,
				34FB5A13278966CD00406970 /* MoodDiaryView.swift in Sources */,
				34C7F2C127886C3D00E5B3D6 /* AllTestsResultsModel.swift in Sources */,
				345DD2F226BE468B0056A3E7 /* ContentViewModel.swift in Sources */,
				349BC90B273AD74300606951 /* NavigationButton.swift in Sources */,
				349BC90D273ADF4300606951 /* Fonts.swift in Sources */,
				34D68F1C26C1636E00E35F0A /* NetworkingService.swift in Sources */,
				34331E9226C8EBB5001E57F6 /* SignInModel.swift in Sources */,
				34A874F126ABBFCA0011A40D /* LMHIApp.swift in Sources */,
				34C7F2BB27882A4E00E5B3D6 /* MusicPlayer.swift in Sources */,
				34DC6D512747DDE5004B3F22 /* ResulltItemButton.swift in Sources */,
				34B5ED9C26AF164C00243E68 /* CustomExtensions.swift in Sources */,
				34F58DD12787563E005F1A94 /* CompletedTestBox.swift in Sources */,
				345DD2F626BE549C0056A3E7 /* StartView.swift in Sources */,
				34DF1FB8275CF20E00435B53 /* SuggestionItem.swift in Sources */,
				34E95B12278C3BA700F0E1EC /* MoodDiaryViewModel.swift in Sources */,
			);
			runOnlyForDeploymentPostprocessing = 0;
		};
/* End PBXSourcesBuildPhase section */

/* Begin XCBuildConfiguration section */
		34A874FA26ABBFD60011A40D /* Debug */ = {
			isa = XCBuildConfiguration;
			buildSettings = {
				ALWAYS_SEARCH_USER_PATHS = NO;
				CLANG_ANALYZER_NONNULL = YES;
				CLANG_ANALYZER_NUMBER_OBJECT_CONVERSION = YES_AGGRESSIVE;
				CLANG_CXX_LANGUAGE_STANDARD = "gnu++14";
				CLANG_CXX_LIBRARY = "libc++";
				CLANG_ENABLE_MODULES = YES;
				CLANG_ENABLE_OBJC_ARC = YES;
				CLANG_ENABLE_OBJC_WEAK = YES;
				CLANG_WARN_BLOCK_CAPTURE_AUTORELEASING = YES;
				CLANG_WARN_BOOL_CONVERSION = YES;
				CLANG_WARN_COMMA = YES;
				CLANG_WARN_CONSTANT_CONVERSION = YES;
				CLANG_WARN_DEPRECATED_OBJC_IMPLEMENTATIONS = YES;
				CLANG_WARN_DIRECT_OBJC_ISA_USAGE = YES_ERROR;
				CLANG_WARN_DOCUMENTATION_COMMENTS = YES;
				CLANG_WARN_EMPTY_BODY = YES;
				CLANG_WARN_ENUM_CONVERSION = YES;
				CLANG_WARN_INFINITE_RECURSION = YES;
				CLANG_WARN_INT_CONVERSION = YES;
				CLANG_WARN_NON_LITERAL_NULL_CONVERSION = YES;
				CLANG_WARN_OBJC_IMPLICIT_RETAIN_SELF = YES;
				CLANG_WARN_OBJC_LITERAL_CONVERSION = YES;
				CLANG_WARN_OBJC_ROOT_CLASS = YES_ERROR;
				CLANG_WARN_QUOTED_INCLUDE_IN_FRAMEWORK_HEADER = YES;
				CLANG_WARN_RANGE_LOOP_ANALYSIS = YES;
				CLANG_WARN_STRICT_PROTOTYPES = YES;
				CLANG_WARN_SUSPICIOUS_MOVE = YES;
				CLANG_WARN_UNGUARDED_AVAILABILITY = YES_AGGRESSIVE;
				CLANG_WARN_UNREACHABLE_CODE = YES;
				CLANG_WARN__DUPLICATE_METHOD_MATCH = YES;
				COPY_PHASE_STRIP = NO;
				DEBUG_INFORMATION_FORMAT = dwarf;
				ENABLE_STRICT_OBJC_MSGSEND = YES;
				ENABLE_TESTABILITY = YES;
				GCC_C_LANGUAGE_STANDARD = gnu11;
				GCC_DYNAMIC_NO_PIC = NO;
				GCC_NO_COMMON_BLOCKS = YES;
				GCC_OPTIMIZATION_LEVEL = 0;
				GCC_PREPROCESSOR_DEFINITIONS = (
					"DEBUG=1",
					"$(inherited)",
				);
				GCC_WARN_64_TO_32_BIT_CONVERSION = YES;
				GCC_WARN_ABOUT_RETURN_TYPE = YES_ERROR;
				GCC_WARN_UNDECLARED_SELECTOR = YES;
				GCC_WARN_UNINITIALIZED_AUTOS = YES_AGGRESSIVE;
				GCC_WARN_UNUSED_FUNCTION = YES;
				GCC_WARN_UNUSED_VARIABLE = YES;
				IPHONEOS_DEPLOYMENT_TARGET = 14.4;
				MTL_ENABLE_DEBUG_INFO = INCLUDE_SOURCE;
				MTL_FAST_MATH = YES;
				ONLY_ACTIVE_ARCH = YES;
				SDKROOT = iphoneos;
				SWIFT_ACTIVE_COMPILATION_CONDITIONS = DEBUG;
				SWIFT_OPTIMIZATION_LEVEL = "-Onone";
			};
			name = Debug;
		};
		34A874FB26ABBFD60011A40D /* Release */ = {
			isa = XCBuildConfiguration;
			buildSettings = {
				ALWAYS_SEARCH_USER_PATHS = NO;
				CLANG_ANALYZER_NONNULL = YES;
				CLANG_ANALYZER_NUMBER_OBJECT_CONVERSION = YES_AGGRESSIVE;
				CLANG_CXX_LANGUAGE_STANDARD = "gnu++14";
				CLANG_CXX_LIBRARY = "libc++";
				CLANG_ENABLE_MODULES = YES;
				CLANG_ENABLE_OBJC_ARC = YES;
				CLANG_ENABLE_OBJC_WEAK = YES;
				CLANG_WARN_BLOCK_CAPTURE_AUTORELEASING = YES;
				CLANG_WARN_BOOL_CONVERSION = YES;
				CLANG_WARN_COMMA = YES;
				CLANG_WARN_CONSTANT_CONVERSION = YES;
				CLANG_WARN_DEPRECATED_OBJC_IMPLEMENTATIONS = YES;
				CLANG_WARN_DIRECT_OBJC_ISA_USAGE = YES_ERROR;
				CLANG_WARN_DOCUMENTATION_COMMENTS = YES;
				CLANG_WARN_EMPTY_BODY = YES;
				CLANG_WARN_ENUM_CONVERSION = YES;
				CLANG_WARN_INFINITE_RECURSION = YES;
				CLANG_WARN_INT_CONVERSION = YES;
				CLANG_WARN_NON_LITERAL_NULL_CONVERSION = YES;
				CLANG_WARN_OBJC_IMPLICIT_RETAIN_SELF = YES;
				CLANG_WARN_OBJC_LITERAL_CONVERSION = YES;
				CLANG_WARN_OBJC_ROOT_CLASS = YES_ERROR;
				CLANG_WARN_QUOTED_INCLUDE_IN_FRAMEWORK_HEADER = YES;
				CLANG_WARN_RANGE_LOOP_ANALYSIS = YES;
				CLANG_WARN_STRICT_PROTOTYPES = YES;
				CLANG_WARN_SUSPICIOUS_MOVE = YES;
				CLANG_WARN_UNGUARDED_AVAILABILITY = YES_AGGRESSIVE;
				CLANG_WARN_UNREACHABLE_CODE = YES;
				CLANG_WARN__DUPLICATE_METHOD_MATCH = YES;
				COPY_PHASE_STRIP = NO;
				DEBUG_INFORMATION_FORMAT = "dwarf-with-dsym";
				ENABLE_NS_ASSERTIONS = NO;
				ENABLE_STRICT_OBJC_MSGSEND = YES;
				GCC_C_LANGUAGE_STANDARD = gnu11;
				GCC_NO_COMMON_BLOCKS = YES;
				GCC_WARN_64_TO_32_BIT_CONVERSION = YES;
				GCC_WARN_ABOUT_RETURN_TYPE = YES_ERROR;
				GCC_WARN_UNDECLARED_SELECTOR = YES;
				GCC_WARN_UNINITIALIZED_AUTOS = YES_AGGRESSIVE;
				GCC_WARN_UNUSED_FUNCTION = YES;
				GCC_WARN_UNUSED_VARIABLE = YES;
				IPHONEOS_DEPLOYMENT_TARGET = 14.4;
				MTL_ENABLE_DEBUG_INFO = NO;
				MTL_FAST_MATH = YES;
				SDKROOT = iphoneos;
				SWIFT_COMPILATION_MODE = wholemodule;
				SWIFT_OPTIMIZATION_LEVEL = "-O";
				VALIDATE_PRODUCT = YES;
			};
			name = Release;
		};
		34A874FD26ABBFD60011A40D /* Debug */ = {
			isa = XCBuildConfiguration;
			buildSettings = {
				ASSETCATALOG_COMPILER_APPICON_NAME = AppIcon;
				ASSETCATALOG_COMPILER_GLOBAL_ACCENT_COLOR_NAME = AccentColor;
				CODE_SIGN_STYLE = Automatic;
				DEVELOPMENT_ASSET_PATHS = "\"LMHI/Preview Content\"";
				DEVELOPMENT_TEAM = WYLRTAGG5K;
				ENABLE_PREVIEWS = YES;
				INFOPLIST_FILE = LMHI/Info.plist;
				IPHONEOS_DEPLOYMENT_TARGET = 14.0;
				LD_RUNPATH_SEARCH_PATHS = (
					"$(inherited)",
					"@executable_path/Frameworks",
				);
				PRODUCT_BUNDLE_IDENTIFIER = com.LMHI.LMHI;
				PRODUCT_NAME = "$(TARGET_NAME)";
				SWIFT_VERSION = 5.0;
				TARGETED_DEVICE_FAMILY = "1,2";
			};
			name = Debug;
		};
		34A874FE26ABBFD60011A40D /* Release */ = {
			isa = XCBuildConfiguration;
			buildSettings = {
				ASSETCATALOG_COMPILER_APPICON_NAME = AppIcon;
				ASSETCATALOG_COMPILER_GLOBAL_ACCENT_COLOR_NAME = AccentColor;
				CODE_SIGN_STYLE = Automatic;
				DEVELOPMENT_ASSET_PATHS = "\"LMHI/Preview Content\"";
				DEVELOPMENT_TEAM = WYLRTAGG5K;
				ENABLE_PREVIEWS = YES;
				INFOPLIST_FILE = LMHI/Info.plist;
				IPHONEOS_DEPLOYMENT_TARGET = 14.0;
				LD_RUNPATH_SEARCH_PATHS = (
					"$(inherited)",
					"@executable_path/Frameworks",
				);
				PRODUCT_BUNDLE_IDENTIFIER = com.LMHI.LMHI;
				PRODUCT_NAME = "$(TARGET_NAME)";
				SWIFT_VERSION = 5.0;
				TARGETED_DEVICE_FAMILY = "1,2";
			};
			name = Release;
		};
/* End XCBuildConfiguration section */

/* Begin XCConfigurationList section */
		34A874E826ABBFCA0011A40D /* Build configuration list for PBXProject "LMHI" */ = {
			isa = XCConfigurationList;
			buildConfigurations = (
				34A874FA26ABBFD60011A40D /* Debug */,
				34A874FB26ABBFD60011A40D /* Release */,
			);
			defaultConfigurationIsVisible = 0;
			defaultConfigurationName = Release;
		};
		34A874FC26ABBFD60011A40D /* Build configuration list for PBXNativeTarget "LMHI" */ = {
			isa = XCConfigurationList;
			buildConfigurations = (
				34A874FD26ABBFD60011A40D /* Debug */,
				34A874FE26ABBFD60011A40D /* Release */,
			);
			defaultConfigurationIsVisible = 0;
			defaultConfigurationName = Release;
		};
/* End XCConfigurationList section */
	};
	rootObject = 34A874E526ABBFCA0011A40D /* Project object */;
}
